
Microsoft Visual Studio Solution File, Format Version 12.00
# Visual Studio 2013
Project("{8BC9CEB8-8B4A-11D0-8D11-00A0C91BC942}") = "Google Test Framework", "Google Test Framework.vcxproj", "{100C89F4-7C78-44EF-456C-DC4CB1976657}"
EndProject
Global
	GlobalSection(SolutionConfigurationPlatforms) = preSolution
		Debug|Win32 = Debug|Win32
		Release|Win32 = Release|Win32
	EndGlobalSection
	GlobalSection(ProjectConfigurationPlatforms) = postSolution
		{100C89F4-7C78-44EF-456C-DC4CB1976657}.Debug|Win32.ActiveCfg = Debug|Win32
		{100C89F4-7C78-44EF-456C-DC4CB1976657}.Debug|Win32.Build.0 = Debug|Win32
		{100C89F4-7C78-44EF-456C-DC4CB1976657}.Release|Win32.ActiveCfg = Release|Win32
		{100C89F4-7C78-44EF-456C-DC4CB1976657}.Release|Win32.Build.0 = Release|Win32
	EndGlobalSection
	GlobalSection(SolutionProperties) = preSolution
		HideSolutionNode = FALSE
	EndGlobalSection
EndGlobal
