<?xml version="1.0" encoding="utf-8"?>
<Project ToolsVersion="4.0" xmlns="http://schemas.microsoft.com/developer/msbuild/2003">
  <ItemGroup>
    <Filter Include="Source Files">
      <UniqueIdentifier>{4FC737F1-C7A5-4376-A066-2A32D752A2FF}</UniqueIdentifier>
      <Extensions>cpp;c;cc;cxx;def;odl;idl;hpj;bat;asm;asmx</Extensions>
    </Filter>
    <Filter Include="Source Files\Math">
      <UniqueIdentifier>{8113d512-a369-40ad-a586-f6f954acaae0}</UniqueIdentifier>
    </Filter>
    <Filter Include="Source Files\Main">
      <UniqueIdentifier>{aa53e891-d079-4c52-acf9-5cf559cd20e4}</UniqueIdentifier>
    </Filter>
  </ItemGroup>
  <ItemGroup>
    <ClInclude Include="Math\EulerAngles.hpp">
      <Filter>Source Files\Math</Filter>
    </ClInclude>
    <ClInclude Include="Math\EulerOrder.hpp">
      <Filter>Source Files\Math</Filter>
    </ClInclude>
    <ClInclude Include="Math\Matrix2.hpp">
      <Filter>Source Files\Math</Filter>
    </ClInclude>
    <ClInclude Include="Math\Matrix3.hpp">
      <Filter>Source Files\Math</Filter>
    </ClInclude>
    <ClInclude Include="Math\Matrix4.hpp">
      <Filter>Source Files\Math</Filter>
    </ClInclude>
    <ClInclude Include="Math\MatrixStorage.hpp">
      <Filter>Source Files\Math</Filter>
    </ClInclude>
    <ClInclude Include="Math\Quaternion.hpp">
      <Filter>Source Files\Math</Filter>
    </ClInclude>
    <ClInclude Include="Math\Reals.hpp">
      <Filter>Source Files\Math</Filter>
    </ClInclude>
    <ClInclude Include="Math\Vector2.hpp">
      <Filter>Source Files\Math</Filter>
    </ClInclude>
    <ClInclude Include="Math\Vector3.hpp">
      <Filter>Source Files\Math</Filter>
    </ClInclude>
    <ClInclude Include="Math\Vector4.hpp">
      <Filter>Source Files\Math</Filter>
    </ClInclude>
    <ClInclude Include="Math\MathFunctions.hpp">
      <Filter>Source Files\Math</Filter>
    </ClInclude>
    <ClInclude Include="Math\Utilities.hpp">
      <Filter>Source Files\Math</Filter>
    </ClInclude>
    <ClInclude Include="Math\Math.hpp">
      <Filter>Source Files\Math</Filter>
    </ClInclude>
    <ClInclude Include="Application.hpp">
      <Filter>Source Files</Filter>
    </ClInclude>
    <ClInclude Include="Main\Support.hpp">
      <Filter>Source Files\Main</Filter>
    </ClInclude>
  </ItemGroup>
  <ItemGroup>
    <ClCompile Include="Math\EulerAngles.cpp">
      <Filter>Source Files\Math</Filter>
    </ClCompile>
    <ClCompile Include="Math\EulerOrder.cpp">
      <Filter>Source Files\Math</Filter>
    </ClCompile>
    <ClCompile Include="Math\Matrix2.cpp">
      <Filter>Source Files\Math</Filter>
    </ClCompile>
    <ClCompile Include="Math\Matrix3.cpp">
      <Filter>Source Files\Math</Filter>
    </ClCompile>
    <ClCompile Include="Math\Matrix4.cpp">
      <Filter>Source Files\Math</Filter>
    </ClCompile>
    <ClCompile Include="Math\Quaternion.cpp">
      <Filter>Source Files\Math</Filter>
    </ClCompile>
    <ClCompile Include="Math\Reals.cpp">
      <Filter>Source Files\Math</Filter>
    </ClCompile>
    <ClCompile Include="Math\Vector2.cpp">
      <Filter>Source Files\Math</Filter>
    </ClCompile>
    <ClCompile Include="Math\Vector3.cpp">
      <Filter>Source Files\Math</Filter>
    </ClCompile>
    <ClCompile Include="Math\Vector4.cpp">
      <Filter>Source Files\Math</Filter>
    </ClCompile>
    <ClCompile Include="Math\MathFunctions.cpp">
      <Filter>Source Files\Math</Filter>
    </ClCompile>
    <ClCompile Include="Application.cpp">
      <Filter>Source Files</Filter>
    </ClCompile>
    <ClCompile Include="Math\Utilities.cpp">
      <Filter>Source Files\Math</Filter>
    </ClCompile>
    <ClCompile Include="Main\Main.cpp">
      <Filter>Source Files\Main</Filter>
    </ClCompile>
    <ClCompile Include="Main\Support.cpp">
      <Filter>Source Files\Main</Filter>
    </ClCompile>
  </ItemGroup>
</Project>