
Microsoft Visual Studio Solution File, Format Version 12.00
# Visual Studio 2013
VisualStudioVersion = 12.0.21005.1
MinimumVisualStudioVersion = 10.0.40219.1
Project("{8BC9CEB8-8B4A-11D0-8D11-00A0C91BC942}") = "test_containers", "test_containers\test_containers.vcxproj", "{48025F2D-C3BC-4459-9AEF-4D8B0F1456A6}"
EndProject
Project("{8BC9CEB8-8B4A-11D0-8D11-00A0C91BC942}") = "test_meta", "test_meta\test_meta.vcxproj", "{C9F0986D-13CF-40DC-A0B2-9D38D39D5472}"
EndProject
Project("{8BC9CEB8-8B4A-11D0-8D11-00A0C91BC942}") = "containers", "containers\containers.vcxproj", "{DC558E7B-1A4A-4508-916A-237A2114AFFE}"
EndProject
Project("{8BC9CEB8-8B4A-11D0-8D11-00A0C91BC942}") = "meta", "meta\meta.vcxproj", "{AB210624-7645-4FD9-9DD7-DC0DD23C61FA}"
EndProject
Global
	GlobalSection(SolutionConfigurationPlatforms) = preSolution
		Debug|Win32 = Debug|Win32
		Release|Win32 = Release|Win32
	EndGlobalSection
	GlobalSection(ProjectConfigurationPlatforms) = postSolution
		{48025F2D-C3BC-4459-9AEF-4D8B0F1456A6}.Debug|Win32.ActiveCfg = Debug|Win32
		{48025F2D-C3BC-4459-9AEF-4D8B0F1456A6}.Debug|Win32.Build.0 = Debug|Win32
		{48025F2D-C3BC-4459-9AEF-4D8B0F1456A6}.Release|Win32.ActiveCfg = Release|Win32
		{48025F2D-C3BC-4459-9AEF-4D8B0F1456A6}.Release|Win32.Build.0 = Release|Win32
		{C9F0986D-13CF-40DC-A0B2-9D38D39D5472}.Debug|Win32.ActiveCfg = Debug|Win32
		{C9F0986D-13CF-40DC-A0B2-9D38D39D5472}.Debug|Win32.Build.0 = Debug|Win32
		{C9F0986D-13CF-40DC-A0B2-9D38D39D5472}.Release|Win32.ActiveCfg = Release|Win32
		{C9F0986D-13CF-40DC-A0B2-9D38D39D5472}.Release|Win32.Build.0 = Release|Win32
		{DC558E7B-1A4A-4508-916A-237A2114AFFE}.Debug|Win32.ActiveCfg = Debug|Win32
		{DC558E7B-1A4A-4508-916A-237A2114AFFE}.Debug|Win32.Build.0 = Debug|Win32
		{DC558E7B-1A4A-4508-916A-237A2114AFFE}.Release|Win32.ActiveCfg = Release|Win32
		{DC558E7B-1A4A-4508-916A-237A2114AFFE}.Release|Win32.Build.0 = Release|Win32
		{AB210624-7645-4FD9-9DD7-DC0DD23C61FA}.Debug|Win32.ActiveCfg = Debug|Win32
		{AB210624-7645-4FD9-9DD7-DC0DD23C61FA}.Debug|Win32.Build.0 = Debug|Win32
		{AB210624-7645-4FD9-9DD7-DC0DD23C61FA}.Release|Win32.ActiveCfg = Release|Win32
		{AB210624-7645-4FD9-9DD7-DC0DD23C61FA}.Release|Win32.Build.0 = Release|Win32
	EndGlobalSection
	GlobalSection(SolutionProperties) = preSolution
		HideSolutionNode = FALSE
	EndGlobalSection
EndGlobal
